
Microsoft Visual Studio Solution File, Format Version 12.00
# Visual Studio Version 17
VisualStudioVersion = 17.0.31903.59
MinimumVisualStudioVersion = 10.0.40219.1
Project("{2150E333-8FDC-42A3-9474-1A3956D46DE8}") = "src", "src", "{827E0CD3-B72D-47B6-A68D-7590B98EB39B}"
EndProject
Project("{FAE04EC0-301F-11D3-BF4B-00C04F79EFBC}") = "WorldCup2026.Domain", "src\WorldCup2026.Domain\WorldCup2026.Domain.csproj", "{3CC290B8-C931-44A5-B21E-DAAA20EFC704}"
EndProject
Project("{FAE04EC0-301F-11D3-BF4B-00C04F79EFBC}") = "WorldCup2026.Application", "src\WorldCup2026.Application\WorldCup2026.Application.csproj", "{CF1E4638-ACC1-4693-B0A6-6E5946BBF7CA}"
EndProject
Project("{FAE04EC0-301F-11D3-BF4B-00C04F79EFBC}") = "WorldCup2026.Infrastructure", "src\WorldCup2026.Infrastructure\WorldCup2026.Infrastructure.csproj", "{2326374F-42F9-4C4B-91B3-9581DF843FC6}"
EndProject
Project("{FAE04EC0-301F-11D3-BF4B-00C04F79EFBC}") = "WorldCup2026.WebAPI", "src\WorldCup2026.WebAPI\WorldCup2026.WebAPI.csproj", "{2961415C-3271-4E6A-95B1-B9E666A93A25}"
EndProject
Project("{FAE04EC0-301F-11D3-BF4B-00C04F79EFBC}") = "WorldCup2026.IntegrationTests", "tests\WorldCup2026.IntegrationTests\WorldCup2026.IntegrationTests.csproj", "{945F9679-E22F-4A6F-A5CC-9A5F13A4E247}"
EndProject
Global
	GlobalSection(SolutionConfigurationPlatforms) = preSolution
		Debug|Any CPU = Debug|Any CPU
		Debug|x64 = Debug|x64
		Debug|x86 = Debug|x86
		Release|Any CPU = Release|Any CPU
		Release|x64 = Release|x64
		Release|x86 = Release|x86
	EndGlobalSection
	GlobalSection(ProjectConfigurationPlatforms) = postSolution
		{3CC290B8-C931-44A5-B21E-DAAA20EFC704}.Debug|Any CPU.ActiveCfg = Debug|Any CPU
		{3CC290B8-C931-44A5-B21E-DAAA20EFC704}.Debug|Any CPU.Build.0 = Debug|Any CPU
		{3CC290B8-C931-44A5-B21E-DAAA20EFC704}.Debug|x64.ActiveCfg = Debug|Any CPU
		{3CC290B8-C931-44A5-B21E-DAAA20EFC704}.Debug|x64.Build.0 = Debug|Any CPU
		{3CC290B8-C931-44A5-B21E-DAAA20EFC704}.Debug|x86.ActiveCfg = Debug|Any CPU
		{3CC290B8-C931-44A5-B21E-DAAA20EFC704}.Debug|x86.Build.0 = Debug|Any CPU
		{3CC290B8-C931-44A5-B21E-DAAA20EFC704}.Release|Any CPU.ActiveCfg = Release|Any CPU
		{3CC290B8-C931-44A5-B21E-DAAA20EFC704}.Release|Any CPU.Build.0 = Release|Any CPU
		{3CC290B8-C931-44A5-B21E-DAAA20EFC704}.Release|x64.ActiveCfg = Release|Any CPU
		{3CC290B8-C931-44A5-B21E-DAAA20EFC704}.Release|x64.Build.0 = Release|Any CPU
		{3CC290B8-C931-44A5-B21E-DAAA20EFC704}.Release|x86.ActiveCfg = Release|Any CPU
		{3CC290B8-C931-44A5-B21E-DAAA20EFC704}.Release|x86.Build.0 = Release|Any CPU
		{CF1E4638-ACC1-4693-B0A6-6E5946BBF7CA}.Debug|Any CPU.ActiveCfg = Debug|Any CPU
		{CF1E4638-ACC1-4693-B0A6-6E5946BBF7CA}.Debug|Any CPU.Build.0 = Debug|Any CPU
		{CF1E4638-ACC1-4693-B0A6-6E5946BBF7CA}.Debug|x64.ActiveCfg = Debug|Any CPU
		{CF1E4638-ACC1-4693-B0A6-6E5946BBF7CA}.Debug|x64.Build.0 = Debug|Any CPU
		{CF1E4638-ACC1-4693-B0A6-6E5946BBF7CA}.Debug|x86.ActiveCfg = Debug|Any CPU
		{CF1E4638-ACC1-4693-B0A6-6E5946BBF7CA}.Debug|x86.Build.0 = Debug|Any CPU
		{CF1E4638-ACC1-4693-B0A6-6E5946BBF7CA}.Release|Any CPU.ActiveCfg = Release|Any CPU
		{CF1E4638-ACC1-4693-B0A6-6E5946BBF7CA}.Release|Any CPU.Build.0 = Release|Any CPU
		{CF1E4638-ACC1-4693-B0A6-6E5946BBF7CA}.Release|x64.ActiveCfg = Release|Any CPU
		{CF1E4638-ACC1-4693-B0A6-6E5946BBF7CA}.Release|x64.Build.0 = Release|Any CPU
		{CF1E4638-ACC1-4693-B0A6-6E5946BBF7CA}.Release|x86.ActiveCfg = Release|Any CPU
		{CF1E4638-ACC1-4693-B0A6-6E5946BBF7CA}.Release|x86.Build.0 = Release|Any CPU
		{2326374F-42F9-4C4B-91B3-9581DF843FC6}.Debug|Any CPU.ActiveCfg = Debug|Any CPU
		{2326374F-42F9-4C4B-91B3-9581DF843FC6}.Debug|Any CPU.Build.0 = Debug|Any CPU
		{2326374F-42F9-4C4B-91B3-9581DF843FC6}.Debug|x64.ActiveCfg = Debug|Any CPU
		{2326374F-42F9-4C4B-91B3-9581DF843FC6}.Debug|x64.Build.0 = Debug|Any CPU
		{2326374F-42F9-4C4B-91B3-9581DF843FC6}.Debug|x86.ActiveCfg = Debug|Any CPU
		{2326374F-42F9-4C4B-91B3-9581DF843FC6}.Debug|x86.Build.0 = Debug|Any CPU
		{2326374F-42F9-4C4B-91B3-9581DF843FC6}.Release|Any CPU.ActiveCfg = Release|Any CPU
		{2326374F-42F9-4C4B-91B3-9581DF843FC6}.Release|Any CPU.Build.0 = Release|Any CPU
		{2326374F-42F9-4C4B-91B3-9581DF843FC6}.Release|x64.ActiveCfg = Release|Any CPU
		{2326374F-42F9-4C4B-91B3-9581DF843FC6}.Release|x64.Build.0 = Release|Any CPU
		{2326374F-42F9-4C4B-91B3-9581DF843FC6}.Release|x86.ActiveCfg = Release|Any CPU
		{2326374F-42F9-4C4B-91B3-9581DF843FC6}.Release|x86.Build.0 = Release|Any CPU
		{2961415C-3271-4E6A-95B1-B9E666A93A25}.Debug|Any CPU.ActiveCfg = Debug|Any CPU
		{2961415C-3271-4E6A-95B1-B9E666A93A25}.Debug|Any CPU.Build.0 = Debug|Any CPU
		{2961415C-3271-4E6A-95B1-B9E666A93A25}.Debug|x64.ActiveCfg = Debug|Any CPU
		{2961415C-3271-4E6A-95B1-B9E666A93A25}.Debug|x64.Build.0 = Debug|Any CPU
		{2961415C-3271-4E6A-95B1-B9E666A93A25}.Debug|x86.ActiveCfg = Debug|Any CPU
		{2961415C-3271-4E6A-95B1-B9E666A93A25}.Debug|x86.Build.0 = Debug|Any CPU
		{2961415C-3271-4E6A-95B1-B9E666A93A25}.Release|Any CPU.ActiveCfg = Release|Any CPU
		{2961415C-3271-4E6A-95B1-B9E666A93A25}.Release|Any CPU.Build.0 = Release|Any CPU
		{2961415C-3271-4E6A-95B1-B9E666A93A25}.Release|x64.ActiveCfg = Release|Any CPU
		{2961415C-3271-4E6A-95B1-B9E666A93A25}.Release|x64.Build.0 = Release|Any CPU
		{2961415C-3271-4E6A-95B1-B9E666A93A25}.Release|x86.ActiveCfg = Release|Any CPU
		{2961415C-3271-4E6A-95B1-B9E666A93A25}.Release|x86.Build.0 = Release|Any CPU
		{945F9679-E22F-4A6F-A5CC-9A5F13A4E247}.Debug|Any CPU.ActiveCfg = Debug|Any CPU
		{945F9679-E22F-4A6F-A5CC-9A5F13A4E247}.Debug|Any CPU.Build.0 = Debug|Any CPU
		{945F9679-E22F-4A6F-A5CC-9A5F13A4E247}.Debug|x64.ActiveCfg = Debug|Any CPU
		{945F9679-E22F-4A6F-A5CC-9A5F13A4E247}.Debug|x64.Build.0 = Debug|Any CPU
		{945F9679-E22F-4A6F-A5CC-9A5F13A4E247}.Debug|x86.ActiveCfg = Debug|Any CPU
		{945F9679-E22F-4A6F-A5CC-9A5F13A4E247}.Debug|x86.Build.0 = Debug|Any CPU
		{945F9679-E22F-4A6F-A5CC-9A5F13A4E247}.Release|Any CPU.ActiveCfg = Release|Any CPU
		{945F9679-E22F-4A6F-A5CC-9A5F13A4E247}.Release|Any CPU.Build.0 = Release|Any CPU
		{945F9679-E22F-4A6F-A5CC-9A5F13A4E247}.Release|x64.ActiveCfg = Release|Any CPU
		{945F9679-E22F-4A6F-A5CC-9A5F13A4E247}.Release|x64.Build.0 = Release|Any CPU
		{945F9679-E22F-4A6F-A5CC-9A5F13A4E247}.Release|x86.ActiveCfg = Release|Any CPU
		{945F9679-E22F-4A6F-A5CC-9A5F13A4E247}.Release|x86.Build.0 = Release|Any CPU
	EndGlobalSection
	GlobalSection(SolutionProperties) = preSolution
		HideSolutionNode = FALSE
	EndGlobalSection
	GlobalSection(NestedProjects) = preSolution
		{3CC290B8-C931-44A5-B21E-DAAA20EFC704} = {827E0CD3-B72D-47B6-A68D-7590B98EB39B}
		{CF1E4638-ACC1-4693-B0A6-6E5946BBF7CA} = {827E0CD3-B72D-47B6-A68D-7590B98EB39B}
		{2326374F-42F9-4C4B-91B3-9581DF843FC6} = {827E0CD3-B72D-47B6-A68D-7590B98EB39B}
		{2961415C-3271-4E6A-95B1-B9E666A93A25} = {827E0CD3-B72D-47B6-A68D-7590B98EB39B}
		{945F9679-E22F-4A6F-A5CC-9A5F13A4E247} = {827E0CD3-B72D-47B6-A68D-7590B98EB39B}
	EndGlobalSection
EndGlobal
